
Microsoft Visual Studio Solution File, Format Version 12.00
# Visual Studio Version 16
VisualStudioVersion = 16.0.30907.101
MinimumVisualStudioVersion = 10.0.40219.1
Project("{9A19103F-16F7-4668-BE54-9A1E7A4F7556}") = "CSVComparisonConsoleApp", "CSVComparisonConsoleApp.csproj", "{3EA58435-4140-453B-A3F5-1C0125534EA4}"
EndProject
Global
	GlobalSection(SolutionConfigurationPlatforms) = preSolution
		Debug|Any CPU = Debug|Any CPU
		Release|Any CPU = Release|Any CPU
	EndGlobalSection
	GlobalSection(ProjectConfigurationPlatforms) = postSolution
		{3EA58435-4140-453B-A3F5-1C0125534EA4}.Debug|Any CPU.ActiveCfg = Debug|Any CPU
		{3EA58435-4140-453B-A3F5-1C0125534EA4}.Debug|Any CPU.Build.0 = Debug|Any CPU
		{3EA58435-4140-453B-A3F5-1C0125534EA4}.Release|Any CPU.ActiveCfg = Release|Any CPU
		{3EA58435-4140-453B-A3F5-1C0125534EA4}.Release|Any CPU.Build.0 = Release|Any CPU
	EndGlobalSection
	GlobalSection(SolutionProperties) = preSolution
		HideSolutionNode = FALSE
	EndGlobalSection
	GlobalSection(ExtensibilityGlobals) = postSolution
		SolutionGuid = {E9B532EA-06FD-47EE-8444-FB6FB6A91938}
	EndGlobalSection
EndGlobal
